
Microsoft Visual Studio Solution File, Format Version 12.00
# Visual Studio Version 17
VisualStudioVersion = 17.1.32407.343
MinimumVisualStudioVersion = 10.0.40219.1
Project("{9A19103F-16F7-4668-BE54-9A1E7A4F7556}") = "Voyage.DataAccess", "Voyage.DataAccess\Voyage.DataAccess.csproj", "{2C80C433-20DF-4596-A5E5-4AA49BFF25F3}"
EndProject
Project("{9A19103F-16F7-4668-BE54-9A1E7A4F7556}") = "Voyage.Business", "Voyage.Business\Voyage.Business.csproj", "{D2A60A2C-8263-478A-A9B5-047A92FEAE13}"
EndProject
Project("{9A19103F-16F7-4668-BE54-9A1E7A4F7556}") = "Voyage.WebAPI", "Voyage.WebAPI\Voyage.WebAPI.csproj", "{8AA28146-E2A8-4F25-B83A-B298B132799F}"
EndProject
Project("{9A19103F-16F7-4668-BE54-9A1E7A4F7556}") = "Voyage.Dependencies", "Voyage.Dependencies\Voyage.Dependencies.csproj", "{4016520F-125C-45D7-8239-B351FCAC3FEE}"
EndProject
Project("{9A19103F-16F7-4668-BE54-9A1E7A4F7556}") = "Voyage.Common", "Voyage.Common\Voyage.Common.csproj", "{BE1144F8-773B-4B08-9923-F02DE50939A7}"
EndProject
Project("{2150E333-8FDC-42A3-9474-1A3956D46DE8}") = "src", "src", "{F700B080-A284-48A6-B859-C7583FC7771D}"
EndProject
Project("{2150E333-8FDC-42A3-9474-1A3956D46DE8}") = "tests", "tests", "{78720B9D-D833-4C3A-AF04-C7021EFCB803}"
EndProject
Project("{FAE04EC0-301F-11D3-BF4B-00C04F79EFBC}") = "Voyage.Tests", "Voyage.Tests\Voyage.Tests.csproj", "{E45F3769-336D-46DC-BE4F-A2FA5DCE5280}"
EndProject
Global
	GlobalSection(SolutionConfigurationPlatforms) = preSolution
		Debug|Any CPU = Debug|Any CPU
		Release|Any CPU = Release|Any CPU
	EndGlobalSection
	GlobalSection(ProjectConfigurationPlatforms) = postSolution
		{2C80C433-20DF-4596-A5E5-4AA49BFF25F3}.Debug|Any CPU.ActiveCfg = Debug|Any CPU
		{2C80C433-20DF-4596-A5E5-4AA49BFF25F3}.Debug|Any CPU.Build.0 = Debug|Any CPU
		{2C80C433-20DF-4596-A5E5-4AA49BFF25F3}.Release|Any CPU.ActiveCfg = Release|Any CPU
		{2C80C433-20DF-4596-A5E5-4AA49BFF25F3}.Release|Any CPU.Build.0 = Release|Any CPU
		{D2A60A2C-8263-478A-A9B5-047A92FEAE13}.Debug|Any CPU.ActiveCfg = Debug|Any CPU
		{D2A60A2C-8263-478A-A9B5-047A92FEAE13}.Debug|Any CPU.Build.0 = Debug|Any CPU
		{D2A60A2C-8263-478A-A9B5-047A92FEAE13}.Release|Any CPU.ActiveCfg = Release|Any CPU
		{D2A60A2C-8263-478A-A9B5-047A92FEAE13}.Release|Any CPU.Build.0 = Release|Any CPU
		{8AA28146-E2A8-4F25-B83A-B298B132799F}.Debug|Any CPU.ActiveCfg = Debug|Any CPU
		{8AA28146-E2A8-4F25-B83A-B298B132799F}.Debug|Any CPU.Build.0 = Debug|Any CPU
		{8AA28146-E2A8-4F25-B83A-B298B132799F}.Release|Any CPU.ActiveCfg = Release|Any CPU
		{8AA28146-E2A8-4F25-B83A-B298B132799F}.Release|Any CPU.Build.0 = Release|Any CPU
		{4016520F-125C-45D7-8239-B351FCAC3FEE}.Debug|Any CPU.ActiveCfg = Debug|Any CPU
		{4016520F-125C-45D7-8239-B351FCAC3FEE}.Debug|Any CPU.Build.0 = Debug|Any CPU
		{4016520F-125C-45D7-8239-B351FCAC3FEE}.Release|Any CPU.ActiveCfg = Release|Any CPU
		{4016520F-125C-45D7-8239-B351FCAC3FEE}.Release|Any CPU.Build.0 = Release|Any CPU
		{BE1144F8-773B-4B08-9923-F02DE50939A7}.Debug|Any CPU.ActiveCfg = Debug|Any CPU
		{BE1144F8-773B-4B08-9923-F02DE50939A7}.Debug|Any CPU.Build.0 = Debug|Any CPU
		{BE1144F8-773B-4B08-9923-F02DE50939A7}.Release|Any CPU.ActiveCfg = Release|Any CPU
		{BE1144F8-773B-4B08-9923-F02DE50939A7}.Release|Any CPU.Build.0 = Release|Any CPU
		{E45F3769-336D-46DC-BE4F-A2FA5DCE5280}.Debug|Any CPU.ActiveCfg = Debug|Any CPU
		{E45F3769-336D-46DC-BE4F-A2FA5DCE5280}.Debug|Any CPU.Build.0 = Debug|Any CPU
		{E45F3769-336D-46DC-BE4F-A2FA5DCE5280}.Release|Any CPU.ActiveCfg = Release|Any CPU
		{E45F3769-336D-46DC-BE4F-A2FA5DCE5280}.Release|Any CPU.Build.0 = Release|Any CPU
	EndGlobalSection
	GlobalSection(SolutionProperties) = preSolution
		HideSolutionNode = FALSE
	EndGlobalSection
	GlobalSection(NestedProjects) = preSolution
		{2C80C433-20DF-4596-A5E5-4AA49BFF25F3} = {F700B080-A284-48A6-B859-C7583FC7771D}
		{D2A60A2C-8263-478A-A9B5-047A92FEAE13} = {F700B080-A284-48A6-B859-C7583FC7771D}
		{8AA28146-E2A8-4F25-B83A-B298B132799F} = {F700B080-A284-48A6-B859-C7583FC7771D}
		{4016520F-125C-45D7-8239-B351FCAC3FEE} = {F700B080-A284-48A6-B859-C7583FC7771D}
		{BE1144F8-773B-4B08-9923-F02DE50939A7} = {F700B080-A284-48A6-B859-C7583FC7771D}
		{E45F3769-336D-46DC-BE4F-A2FA5DCE5280} = {78720B9D-D833-4C3A-AF04-C7021EFCB803}
	EndGlobalSection
	GlobalSection(ExtensibilityGlobals) = postSolution
		SolutionGuid = {2EA0E203-FF30-4AB6-A55A-BDE6A5C9F4B7}
	EndGlobalSection
EndGlobal
