
Microsoft Visual Studio Solution File, Format Version 12.00
# Visual Studio Version 17
VisualStudioVersion = 17.1.32407.343
MinimumVisualStudioVersion = 10.0.40219.1
Project("{9A19103F-16F7-4668-BE54-9A1E7A4F7556}") = "Voyage.DataAccess", "Voyage.DataAccess\Voyage.DataAccess.csproj", "{2C80C433-20DF-4596-A5E5-4AA49BFF25F3}"
EndProject
Project("{9A19103F-16F7-4668-BE54-9A1E7A4F7556}") = "Voyage.Business", "Voyage.Business\Voyage.Business.csproj", "{D2A60A2C-8263-478A-A9B5-047A92FEAE13}"
EndProject
Project("{9A19103F-16F7-4668-BE54-9A1E7A4F7556}") = "Voyage.WebAPI", "Voyage.WebAPI\Voyage.WebAPI.csproj", "{8AA28146-E2A8-4F25-B83A-B298B132799F}"
EndProject
Project("{9A19103F-16F7-4668-BE54-9A1E7A4F7556}") = "Voyage.Dependencies", "Voyage.Dependencies\Voyage.Dependencies.csproj", "{4016520F-125C-45D7-8239-B351FCAC3FEE}"
EndProject
Project("{FAE04EC0-301F-11D3-BF4B-00C04F79EFBC}") = "Voyage.Common", "Voyage.Common\Voyage.Common.csproj", "{BE1144F8-773B-4B08-9923-F02DE50939A7}"
EndProject
Global
	GlobalSection(SolutionConfigurationPlatforms) = preSolution
		Debug|Any CPU = Debug|Any CPU
		Release|Any CPU = Release|Any CPU
	EndGlobalSection
	GlobalSection(ProjectConfigurationPlatforms) = postSolution
		{2C80C433-20DF-4596-A5E5-4AA49BFF25F3}.Debug|Any CPU.ActiveCfg = Debug|Any CPU
		{2C80C433-20DF-4596-A5E5-4AA49BFF25F3}.Debug|Any CPU.Build.0 = Debug|Any CPU
		{2C80C433-20DF-4596-A5E5-4AA49BFF25F3}.Release|Any CPU.ActiveCfg = Release|Any CPU
		{2C80C433-20DF-4596-A5E5-4AA49BFF25F3}.Release|Any CPU.Build.0 = Release|Any CPU
		{D2A60A2C-8263-478A-A9B5-047A92FEAE13}.Debug|Any CPU.ActiveCfg = Debug|Any CPU
		{D2A60A2C-8263-478A-A9B5-047A92FEAE13}.Debug|Any CPU.Build.0 = Debug|Any CPU
		{D2A60A2C-8263-478A-A9B5-047A92FEAE13}.Release|Any CPU.ActiveCfg = Release|Any CPU
		{D2A60A2C-8263-478A-A9B5-047A92FEAE13}.Release|Any CPU.Build.0 = Release|Any CPU
		{8AA28146-E2A8-4F25-B83A-B298B132799F}.Debug|Any CPU.ActiveCfg = Debug|Any CPU
		{8AA28146-E2A8-4F25-B83A-B298B132799F}.Debug|Any CPU.Build.0 = Debug|Any CPU
		{8AA28146-E2A8-4F25-B83A-B298B132799F}.Release|Any CPU.ActiveCfg = Release|Any CPU
		{8AA28146-E2A8-4F25-B83A-B298B132799F}.Release|Any CPU.Build.0 = Release|Any CPU
		{4016520F-125C-45D7-8239-B351FCAC3FEE}.Debug|Any CPU.ActiveCfg = Debug|Any CPU
		{4016520F-125C-45D7-8239-B351FCAC3FEE}.Debug|Any CPU.Build.0 = Debug|Any CPU
		{4016520F-125C-45D7-8239-B351FCAC3FEE}.Release|Any CPU.ActiveCfg = Release|Any CPU
		{4016520F-125C-45D7-8239-B351FCAC3FEE}.Release|Any CPU.Build.0 = Release|Any CPU
		{BE1144F8-773B-4B08-9923-F02DE50939A7}.Debug|Any CPU.ActiveCfg = Debug|Any CPU
		{BE1144F8-773B-4B08-9923-F02DE50939A7}.Debug|Any CPU.Build.0 = Debug|Any CPU
		{BE1144F8-773B-4B08-9923-F02DE50939A7}.Release|Any CPU.ActiveCfg = Release|Any CPU
		{BE1144F8-773B-4B08-9923-F02DE50939A7}.Release|Any CPU.Build.0 = Release|Any CPU
	EndGlobalSection
	GlobalSection(SolutionProperties) = preSolution
		HideSolutionNode = FALSE
	EndGlobalSection
	GlobalSection(ExtensibilityGlobals) = postSolution
		SolutionGuid = {2EA0E203-FF30-4AB6-A55A-BDE6A5C9F4B7}
	EndGlobalSection
EndGlobal
